
Microsoft Visual Studio Solution File, Format Version 12.00
# Visual Studio Version 17
VisualStudioVersion = 17.11.35303.130
MinimumVisualStudioVersion = 10.0.40219.1
Project("{9A19103F-16F7-4668-BE54-9A1E7A4F7556}") = "BotAPI", "BotAPI\BotAPI.csproj", "{2DA87AA4-BFAF-40C5-9002-5DB3FBA6DA6D}"
EndProject
Project("{FAE04EC0-301F-11D3-BF4B-00C04F79EFBC}") = "TelegramUI", "TelegramUI\TelegramUI.csproj", "{9AF8E47F-1E69-4D82-8D32-DB15E9EB650B}"
EndProject
Global
	GlobalSection(SolutionConfigurationPlatforms) = preSolution
		Debug|Any CPU = Debug|Any CPU
		Release|Any CPU = Release|Any CPU
	EndGlobalSection
	GlobalSection(ProjectConfigurationPlatforms) = postSolution
		{2DA87AA4-BFAF-40C5-9002-5DB3FBA6DA6D}.Debug|Any CPU.ActiveCfg = Debug|Any CPU
		{2DA87AA4-BFAF-40C5-9002-5DB3FBA6DA6D}.Debug|Any CPU.Build.0 = Debug|Any CPU
		{2DA87AA4-BFAF-40C5-9002-5DB3FBA6DA6D}.Release|Any CPU.ActiveCfg = Release|Any CPU
		{2DA87AA4-BFAF-40C5-9002-5DB3FBA6DA6D}.Release|Any CPU.Build.0 = Release|Any CPU
		{9AF8E47F-1E69-4D82-8D32-DB15E9EB650B}.Debug|Any CPU.ActiveCfg = Debug|Any CPU
		{9AF8E47F-1E69-4D82-8D32-DB15E9EB650B}.Debug|Any CPU.Build.0 = Debug|Any CPU
		{9AF8E47F-1E69-4D82-8D32-DB15E9EB650B}.Release|Any CPU.ActiveCfg = Release|Any CPU
		{9AF8E47F-1E69-4D82-8D32-DB15E9EB650B}.Release|Any CPU.Build.0 = Release|Any CPU
	EndGlobalSection
	GlobalSection(SolutionProperties) = preSolution
		HideSolutionNode = FALSE
	EndGlobalSection
	GlobalSection(ExtensibilityGlobals) = postSolution
		SolutionGuid = {9167CC3D-EDA5-4F54-A99B-6147608A786A}
	EndGlobalSection
EndGlobal
